
Microsoft Visual Studio Solution File, Format Version 12.00
# Visual Studio Version 17
VisualStudioVersion = 17.11.35219.272
MinimumVisualStudioVersion = 10.0.40219.1
Project("{9A19103F-16F7-4668-BE54-9A1E7A4F7556}") = "TCPLib.Server", "Server\TCPLib.Server\TCPLib.Server.csproj", "{CD9BB353-6F36-42E1-BFC5-1356CF248BF4}"
EndProject
Project("{2150E333-8FDC-42A3-9474-1A3956D46DE8}") = "Server", "Server", "{BF74EDAE-9A83-4044-B245-9CFF423710CB}"
EndProject
Project("{2150E333-8FDC-42A3-9474-1A3956D46DE8}") = "Client", "Client", "{C0A6757B-693F-42FA-A992-26CCA32D4F9D}"
EndProject
Project("{9A19103F-16F7-4668-BE54-9A1E7A4F7556}") = "TCPLib.Client", "Client\TCPLib.Client\TCPLib.Client.csproj", "{57826FE9-46BC-4552-B101-A00562F810B3}"
EndProject
Project("{9A19103F-16F7-4668-BE54-9A1E7A4F7556}") = "Tests", "Tests\Tests.csproj", "{2BBB229A-CA1C-4AAA-94F7-36D3BFFBF1C5}"
EndProject
Project("{2150E333-8FDC-42A3-9474-1A3956D46DE8}") = "Shared", "Shared", "{D1135790-D25C-424F-A514-5BAD86DB26D2}"
EndProject
Project("{9A19103F-16F7-4668-BE54-9A1E7A4F7556}") = "TCPLib.Shared", "Shared\TCPLib.Shared\TCPLib.Shared.csproj", "{5AF991A4-49F0-4764-AF89-88DD10B7E5FB}"
EndProject
Global
	GlobalSection(SolutionConfigurationPlatforms) = preSolution
		Debug|Any CPU = Debug|Any CPU
		Release|Any CPU = Release|Any CPU
	EndGlobalSection
	GlobalSection(ProjectConfigurationPlatforms) = postSolution
		{CD9BB353-6F36-42E1-BFC5-1356CF248BF4}.Debug|Any CPU.ActiveCfg = Debug|Any CPU
		{CD9BB353-6F36-42E1-BFC5-1356CF248BF4}.Debug|Any CPU.Build.0 = Debug|Any CPU
		{CD9BB353-6F36-42E1-BFC5-1356CF248BF4}.Release|Any CPU.ActiveCfg = Release|Any CPU
		{CD9BB353-6F36-42E1-BFC5-1356CF248BF4}.Release|Any CPU.Build.0 = Release|Any CPU
		{57826FE9-46BC-4552-B101-A00562F810B3}.Debug|Any CPU.ActiveCfg = Debug|Any CPU
		{57826FE9-46BC-4552-B101-A00562F810B3}.Debug|Any CPU.Build.0 = Debug|Any CPU
		{57826FE9-46BC-4552-B101-A00562F810B3}.Release|Any CPU.ActiveCfg = Release|Any CPU
		{57826FE9-46BC-4552-B101-A00562F810B3}.Release|Any CPU.Build.0 = Release|Any CPU
		{2BBB229A-CA1C-4AAA-94F7-36D3BFFBF1C5}.Debug|Any CPU.ActiveCfg = Debug|Any CPU
		{2BBB229A-CA1C-4AAA-94F7-36D3BFFBF1C5}.Debug|Any CPU.Build.0 = Debug|Any CPU
		{2BBB229A-CA1C-4AAA-94F7-36D3BFFBF1C5}.Release|Any CPU.ActiveCfg = Release|Any CPU
		{2BBB229A-CA1C-4AAA-94F7-36D3BFFBF1C5}.Release|Any CPU.Build.0 = Release|Any CPU
		{5AF991A4-49F0-4764-AF89-88DD10B7E5FB}.Debug|Any CPU.ActiveCfg = Debug|Any CPU
		{5AF991A4-49F0-4764-AF89-88DD10B7E5FB}.Debug|Any CPU.Build.0 = Debug|Any CPU
		{5AF991A4-49F0-4764-AF89-88DD10B7E5FB}.Release|Any CPU.ActiveCfg = Release|Any CPU
		{5AF991A4-49F0-4764-AF89-88DD10B7E5FB}.Release|Any CPU.Build.0 = Release|Any CPU
	EndGlobalSection
	GlobalSection(SolutionProperties) = preSolution
		HideSolutionNode = FALSE
	EndGlobalSection
	GlobalSection(NestedProjects) = preSolution
		{CD9BB353-6F36-42E1-BFC5-1356CF248BF4} = {BF74EDAE-9A83-4044-B245-9CFF423710CB}
		{57826FE9-46BC-4552-B101-A00562F810B3} = {C0A6757B-693F-42FA-A992-26CCA32D4F9D}
		{5AF991A4-49F0-4764-AF89-88DD10B7E5FB} = {D1135790-D25C-424F-A514-5BAD86DB26D2}
	EndGlobalSection
	GlobalSection(ExtensibilityGlobals) = postSolution
		SolutionGuid = {91FC2AC4-FBA1-4753-9437-90475C303348}
	EndGlobalSection
EndGlobal
