
Microsoft Visual Studio Solution File, Format Version 12.00
# Visual Studio Version 17
VisualStudioVersion = 17.11.35219.272
MinimumVisualStudioVersion = 10.0.40219.1
Project("{9A19103F-16F7-4668-BE54-9A1E7A4F7556}") = "TCPLib.Server", "Server\TCPLib.Server\TCPLib.Server.csproj", "{CD9BB353-6F36-42E1-BFC5-1356CF248BF4}"
EndProject
Project("{2150E333-8FDC-42A3-9474-1A3956D46DE8}") = "Server", "Server", "{BF74EDAE-9A83-4044-B245-9CFF423710CB}"
EndProject
Project("{2150E333-8FDC-42A3-9474-1A3956D46DE8}") = "Client", "Client", "{C0A6757B-693F-42FA-A992-26CCA32D4F9D}"
EndProject
Project("{9A19103F-16F7-4668-BE54-9A1E7A4F7556}") = "TCPLib.Client", "Client\TCPLib.Client\TCPLib.Client.csproj", "{57826FE9-46BC-4552-B101-A00562F810B3}"
EndProject
Project("{9A19103F-16F7-4668-BE54-9A1E7A4F7556}") = "Tests", "Tests\Tests.csproj", "{2BBB229A-CA1C-4AAA-94F7-36D3BFFBF1C5}"
EndProject
Project("{2150E333-8FDC-42A3-9474-1A3956D46DE8}") = "Shared", "Shared", "{D1135790-D25C-424F-A514-5BAD86DB26D2}"
EndProject
Project("{2150E333-8FDC-42A3-9474-1A3956D46DE8}") = "Examples", "Examples", "{C2FEE062-3A4A-49B9-8C09-CAEDED8D52EC}"
EndProject
Project("{FAE04EC0-301F-11D3-BF4B-00C04F79EFBC}") = "Server", "Examples\Server\Server.csproj", "{51E73153-05CA-4941-BD9F-AC82F9B8531A}"
EndProject
Project("{FAE04EC0-301F-11D3-BF4B-00C04F79EFBC}") = "Client", "Examples\Client\Client.csproj", "{647E777B-3971-47A6-BE62-11A4683824BB}"
EndProject
Project("{D954291E-2A0B-460D-934E-DC6B0785DB48}") = "TCPLib.Shared", "Shared\TCPLib.Shared\TCPLib.Shared.shproj", "{1577D2E0-959B-4106-A7D8-D77B41C09F0C}"
EndProject
Global
	GlobalSection(SolutionConfigurationPlatforms) = preSolution
		Debug|Any CPU = Debug|Any CPU
		Debug|ARM = Debug|ARM
		Debug|ARM64 = Debug|ARM64
		Debug|x64 = Debug|x64
		Debug|x86 = Debug|x86
		Release|Any CPU = Release|Any CPU
		Release|ARM = Release|ARM
		Release|ARM64 = Release|ARM64
		Release|x64 = Release|x64
		Release|x86 = Release|x86
	EndGlobalSection
	GlobalSection(ProjectConfigurationPlatforms) = postSolution
		{CD9BB353-6F36-42E1-BFC5-1356CF248BF4}.Debug|Any CPU.ActiveCfg = Debug|Any CPU
		{CD9BB353-6F36-42E1-BFC5-1356CF248BF4}.Debug|Any CPU.Build.0 = Debug|Any CPU
		{CD9BB353-6F36-42E1-BFC5-1356CF248BF4}.Debug|ARM.ActiveCfg = Debug|Any CPU
		{CD9BB353-6F36-42E1-BFC5-1356CF248BF4}.Debug|ARM.Build.0 = Debug|Any CPU
		{CD9BB353-6F36-42E1-BFC5-1356CF248BF4}.Debug|ARM64.ActiveCfg = Debug|Any CPU
		{CD9BB353-6F36-42E1-BFC5-1356CF248BF4}.Debug|ARM64.Build.0 = Debug|Any CPU
		{CD9BB353-6F36-42E1-BFC5-1356CF248BF4}.Debug|x64.ActiveCfg = Debug|Any CPU
		{CD9BB353-6F36-42E1-BFC5-1356CF248BF4}.Debug|x64.Build.0 = Debug|Any CPU
		{CD9BB353-6F36-42E1-BFC5-1356CF248BF4}.Debug|x86.ActiveCfg = Debug|Any CPU
		{CD9BB353-6F36-42E1-BFC5-1356CF248BF4}.Debug|x86.Build.0 = Debug|Any CPU
		{CD9BB353-6F36-42E1-BFC5-1356CF248BF4}.Release|Any CPU.ActiveCfg = Release|Any CPU
		{CD9BB353-6F36-42E1-BFC5-1356CF248BF4}.Release|Any CPU.Build.0 = Release|Any CPU
		{CD9BB353-6F36-42E1-BFC5-1356CF248BF4}.Release|ARM.ActiveCfg = Release|Any CPU
		{CD9BB353-6F36-42E1-BFC5-1356CF248BF4}.Release|ARM.Build.0 = Release|Any CPU
		{CD9BB353-6F36-42E1-BFC5-1356CF248BF4}.Release|ARM64.ActiveCfg = Release|Any CPU
		{CD9BB353-6F36-42E1-BFC5-1356CF248BF4}.Release|ARM64.Build.0 = Release|Any CPU
		{CD9BB353-6F36-42E1-BFC5-1356CF248BF4}.Release|x64.ActiveCfg = Release|Any CPU
		{CD9BB353-6F36-42E1-BFC5-1356CF248BF4}.Release|x64.Build.0 = Release|Any CPU
		{CD9BB353-6F36-42E1-BFC5-1356CF248BF4}.Release|x86.ActiveCfg = Release|Any CPU
		{CD9BB353-6F36-42E1-BFC5-1356CF248BF4}.Release|x86.Build.0 = Release|Any CPU
		{57826FE9-46BC-4552-B101-A00562F810B3}.Debug|Any CPU.ActiveCfg = Debug|Any CPU
		{57826FE9-46BC-4552-B101-A00562F810B3}.Debug|Any CPU.Build.0 = Debug|Any CPU
		{57826FE9-46BC-4552-B101-A00562F810B3}.Debug|ARM.ActiveCfg = Debug|Any CPU
		{57826FE9-46BC-4552-B101-A00562F810B3}.Debug|ARM.Build.0 = Debug|Any CPU
		{57826FE9-46BC-4552-B101-A00562F810B3}.Debug|ARM64.ActiveCfg = Debug|Any CPU
		{57826FE9-46BC-4552-B101-A00562F810B3}.Debug|ARM64.Build.0 = Debug|Any CPU
		{57826FE9-46BC-4552-B101-A00562F810B3}.Debug|x64.ActiveCfg = Debug|Any CPU
		{57826FE9-46BC-4552-B101-A00562F810B3}.Debug|x64.Build.0 = Debug|Any CPU
		{57826FE9-46BC-4552-B101-A00562F810B3}.Debug|x86.ActiveCfg = Debug|Any CPU
		{57826FE9-46BC-4552-B101-A00562F810B3}.Debug|x86.Build.0 = Debug|Any CPU
		{57826FE9-46BC-4552-B101-A00562F810B3}.Release|Any CPU.ActiveCfg = Release|Any CPU
		{57826FE9-46BC-4552-B101-A00562F810B3}.Release|Any CPU.Build.0 = Release|Any CPU
		{57826FE9-46BC-4552-B101-A00562F810B3}.Release|ARM.ActiveCfg = Release|Any CPU
		{57826FE9-46BC-4552-B101-A00562F810B3}.Release|ARM.Build.0 = Release|Any CPU
		{57826FE9-46BC-4552-B101-A00562F810B3}.Release|ARM64.ActiveCfg = Release|Any CPU
		{57826FE9-46BC-4552-B101-A00562F810B3}.Release|ARM64.Build.0 = Release|Any CPU
		{57826FE9-46BC-4552-B101-A00562F810B3}.Release|x64.ActiveCfg = Release|Any CPU
		{57826FE9-46BC-4552-B101-A00562F810B3}.Release|x64.Build.0 = Release|Any CPU
		{57826FE9-46BC-4552-B101-A00562F810B3}.Release|x86.ActiveCfg = Release|Any CPU
		{57826FE9-46BC-4552-B101-A00562F810B3}.Release|x86.Build.0 = Release|Any CPU
		{2BBB229A-CA1C-4AAA-94F7-36D3BFFBF1C5}.Debug|Any CPU.ActiveCfg = Debug|Any CPU
		{2BBB229A-CA1C-4AAA-94F7-36D3BFFBF1C5}.Debug|Any CPU.Build.0 = Debug|Any CPU
		{2BBB229A-CA1C-4AAA-94F7-36D3BFFBF1C5}.Debug|ARM.ActiveCfg = Debug|Any CPU
		{2BBB229A-CA1C-4AAA-94F7-36D3BFFBF1C5}.Debug|ARM.Build.0 = Debug|Any CPU
		{2BBB229A-CA1C-4AAA-94F7-36D3BFFBF1C5}.Debug|ARM64.ActiveCfg = Debug|Any CPU
		{2BBB229A-CA1C-4AAA-94F7-36D3BFFBF1C5}.Debug|ARM64.Build.0 = Debug|Any CPU
		{2BBB229A-CA1C-4AAA-94F7-36D3BFFBF1C5}.Debug|x64.ActiveCfg = Debug|Any CPU
		{2BBB229A-CA1C-4AAA-94F7-36D3BFFBF1C5}.Debug|x64.Build.0 = Debug|Any CPU
		{2BBB229A-CA1C-4AAA-94F7-36D3BFFBF1C5}.Debug|x86.ActiveCfg = Debug|Any CPU
		{2BBB229A-CA1C-4AAA-94F7-36D3BFFBF1C5}.Debug|x86.Build.0 = Debug|Any CPU
		{2BBB229A-CA1C-4AAA-94F7-36D3BFFBF1C5}.Release|Any CPU.ActiveCfg = Release|Any CPU
		{2BBB229A-CA1C-4AAA-94F7-36D3BFFBF1C5}.Release|Any CPU.Build.0 = Release|Any CPU
		{2BBB229A-CA1C-4AAA-94F7-36D3BFFBF1C5}.Release|ARM.ActiveCfg = Release|Any CPU
		{2BBB229A-CA1C-4AAA-94F7-36D3BFFBF1C5}.Release|ARM.Build.0 = Release|Any CPU
		{2BBB229A-CA1C-4AAA-94F7-36D3BFFBF1C5}.Release|ARM64.ActiveCfg = Release|Any CPU
		{2BBB229A-CA1C-4AAA-94F7-36D3BFFBF1C5}.Release|ARM64.Build.0 = Release|Any CPU
		{2BBB229A-CA1C-4AAA-94F7-36D3BFFBF1C5}.Release|x64.ActiveCfg = Release|Any CPU
		{2BBB229A-CA1C-4AAA-94F7-36D3BFFBF1C5}.Release|x64.Build.0 = Release|Any CPU
		{2BBB229A-CA1C-4AAA-94F7-36D3BFFBF1C5}.Release|x86.ActiveCfg = Release|Any CPU
		{2BBB229A-CA1C-4AAA-94F7-36D3BFFBF1C5}.Release|x86.Build.0 = Release|Any CPU
		{51E73153-05CA-4941-BD9F-AC82F9B8531A}.Debug|Any CPU.ActiveCfg = Debug|Any CPU
		{51E73153-05CA-4941-BD9F-AC82F9B8531A}.Debug|Any CPU.Build.0 = Debug|Any CPU
		{51E73153-05CA-4941-BD9F-AC82F9B8531A}.Debug|ARM.ActiveCfg = Debug|Any CPU
		{51E73153-05CA-4941-BD9F-AC82F9B8531A}.Debug|ARM.Build.0 = Debug|Any CPU
		{51E73153-05CA-4941-BD9F-AC82F9B8531A}.Debug|ARM64.ActiveCfg = Debug|Any CPU
		{51E73153-05CA-4941-BD9F-AC82F9B8531A}.Debug|ARM64.Build.0 = Debug|Any CPU
		{51E73153-05CA-4941-BD9F-AC82F9B8531A}.Debug|x64.ActiveCfg = Debug|Any CPU
		{51E73153-05CA-4941-BD9F-AC82F9B8531A}.Debug|x64.Build.0 = Debug|Any CPU
		{51E73153-05CA-4941-BD9F-AC82F9B8531A}.Debug|x86.ActiveCfg = Debug|Any CPU
		{51E73153-05CA-4941-BD9F-AC82F9B8531A}.Debug|x86.Build.0 = Debug|Any CPU
		{51E73153-05CA-4941-BD9F-AC82F9B8531A}.Release|Any CPU.ActiveCfg = Release|Any CPU
		{51E73153-05CA-4941-BD9F-AC82F9B8531A}.Release|Any CPU.Build.0 = Release|Any CPU
		{51E73153-05CA-4941-BD9F-AC82F9B8531A}.Release|ARM.ActiveCfg = Release|Any CPU
		{51E73153-05CA-4941-BD9F-AC82F9B8531A}.Release|ARM.Build.0 = Release|Any CPU
		{51E73153-05CA-4941-BD9F-AC82F9B8531A}.Release|ARM64.ActiveCfg = Release|Any CPU
		{51E73153-05CA-4941-BD9F-AC82F9B8531A}.Release|ARM64.Build.0 = Release|Any CPU
		{51E73153-05CA-4941-BD9F-AC82F9B8531A}.Release|x64.ActiveCfg = Release|Any CPU
		{51E73153-05CA-4941-BD9F-AC82F9B8531A}.Release|x64.Build.0 = Release|Any CPU
		{51E73153-05CA-4941-BD9F-AC82F9B8531A}.Release|x86.ActiveCfg = Release|Any CPU
		{51E73153-05CA-4941-BD9F-AC82F9B8531A}.Release|x86.Build.0 = Release|Any CPU
		{647E777B-3971-47A6-BE62-11A4683824BB}.Debug|Any CPU.ActiveCfg = Debug|Any CPU
		{647E777B-3971-47A6-BE62-11A4683824BB}.Debug|Any CPU.Build.0 = Debug|Any CPU
		{647E777B-3971-47A6-BE62-11A4683824BB}.Debug|ARM.ActiveCfg = Debug|Any CPU
		{647E777B-3971-47A6-BE62-11A4683824BB}.Debug|ARM.Build.0 = Debug|Any CPU
		{647E777B-3971-47A6-BE62-11A4683824BB}.Debug|ARM64.ActiveCfg = Debug|Any CPU
		{647E777B-3971-47A6-BE62-11A4683824BB}.Debug|ARM64.Build.0 = Debug|Any CPU
		{647E777B-3971-47A6-BE62-11A4683824BB}.Debug|x64.ActiveCfg = Debug|Any CPU
		{647E777B-3971-47A6-BE62-11A4683824BB}.Debug|x64.Build.0 = Debug|Any CPU
		{647E777B-3971-47A6-BE62-11A4683824BB}.Debug|x86.ActiveCfg = Debug|Any CPU
		{647E777B-3971-47A6-BE62-11A4683824BB}.Debug|x86.Build.0 = Debug|Any CPU
		{647E777B-3971-47A6-BE62-11A4683824BB}.Release|Any CPU.ActiveCfg = Release|Any CPU
		{647E777B-3971-47A6-BE62-11A4683824BB}.Release|Any CPU.Build.0 = Release|Any CPU
		{647E777B-3971-47A6-BE62-11A4683824BB}.Release|ARM.ActiveCfg = Release|Any CPU
		{647E777B-3971-47A6-BE62-11A4683824BB}.Release|ARM.Build.0 = Release|Any CPU
		{647E777B-3971-47A6-BE62-11A4683824BB}.Release|ARM64.ActiveCfg = Release|Any CPU
		{647E777B-3971-47A6-BE62-11A4683824BB}.Release|ARM64.Build.0 = Release|Any CPU
		{647E777B-3971-47A6-BE62-11A4683824BB}.Release|x64.ActiveCfg = Release|Any CPU
		{647E777B-3971-47A6-BE62-11A4683824BB}.Release|x64.Build.0 = Release|Any CPU
		{647E777B-3971-47A6-BE62-11A4683824BB}.Release|x86.ActiveCfg = Release|Any CPU
		{647E777B-3971-47A6-BE62-11A4683824BB}.Release|x86.Build.0 = Release|Any CPU
	EndGlobalSection
	GlobalSection(SolutionProperties) = preSolution
		HideSolutionNode = FALSE
	EndGlobalSection
	GlobalSection(NestedProjects) = preSolution
		{CD9BB353-6F36-42E1-BFC5-1356CF248BF4} = {BF74EDAE-9A83-4044-B245-9CFF423710CB}
		{57826FE9-46BC-4552-B101-A00562F810B3} = {C0A6757B-693F-42FA-A992-26CCA32D4F9D}
		{51E73153-05CA-4941-BD9F-AC82F9B8531A} = {C2FEE062-3A4A-49B9-8C09-CAEDED8D52EC}
		{647E777B-3971-47A6-BE62-11A4683824BB} = {C2FEE062-3A4A-49B9-8C09-CAEDED8D52EC}
		{1577D2E0-959B-4106-A7D8-D77B41C09F0C} = {D1135790-D25C-424F-A514-5BAD86DB26D2}
	EndGlobalSection
	GlobalSection(ExtensibilityGlobals) = postSolution
		SolutionGuid = {91FC2AC4-FBA1-4753-9437-90475C303348}
	EndGlobalSection
	GlobalSection(SharedMSBuildProjectFiles) = preSolution
		Shared\TCPLib.Shared\TCPLib.Shared.projitems*{1577d2e0-959b-4106-a7d8-d77b41c09f0c}*SharedItemsImports = 13
		Shared\TCPLib.Shared\TCPLib.Shared.projitems*{57826fe9-46bc-4552-b101-a00562f810b3}*SharedItemsImports = 5
		Shared\TCPLib.Shared\TCPLib.Shared.projitems*{cd9bb353-6f36-42e1-bfc5-1356cf248bf4}*SharedItemsImports = 5
	EndGlobalSection
EndGlobal
